
Microsoft Visual Studio Solution File, Format Version 12.00
# Visual Studio Version 17
VisualStudioVersion = 17.6.33801.468
MinimumVisualStudioVersion = 10.0.40219.1
Project("{FAE04EC0-301F-11D3-BF4B-00C04F79EFBC}") = "SumanWeb", "SumanWeb\SumanWeb.csproj", "{B37C4DE8-DE67-4129-B9A4-90D5508F9B4F}"
EndProject
Global
	GlobalSection(SolutionConfigurationPlatforms) = preSolution
		Debug|Any CPU = Debug|Any CPU
		Release|Any CPU = Release|Any CPU
	EndGlobalSection
	GlobalSection(ProjectConfigurationPlatforms) = postSolution
		{B37C4DE8-DE67-4129-B9A4-90D5508F9B4F}.Debug|Any CPU.ActiveCfg = Debug|Any CPU
		{B37C4DE8-DE67-4129-B9A4-90D5508F9B4F}.Debug|Any CPU.Build.0 = Debug|Any CPU
		{B37C4DE8-DE67-4129-B9A4-90D5508F9B4F}.Release|Any CPU.ActiveCfg = Release|Any CPU
		{B37C4DE8-DE67-4129-B9A4-90D5508F9B4F}.Release|Any CPU.Build.0 = Release|Any CPU
	EndGlobalSection
	GlobalSection(SolutionProperties) = preSolution
		HideSolutionNode = FALSE
	EndGlobalSection
	GlobalSection(ExtensibilityGlobals) = postSolution
		SolutionGuid = {080A5994-DC2B-4B98-B9BA-E965D311C14E}
	EndGlobalSection
EndGlobal
